
Microsoft Visual Studio Solution File, Format Version 12.00
# Visual Studio Version 17
VisualStudioVersion = 17.1.32210.238
MinimumVisualStudioVersion = 10.0.40219.1
Project("{FAE04EC0-301F-11D3-BF4B-00C04F79EFBC}") = "EarningScheduler", "EarningScheduler.csproj", "{A12D82DA-D384-4DA5-9A5B-A6C661C2DB84}"
EndProject
Global
	GlobalSection(SolutionConfigurationPlatforms) = preSolution
		Debug|Any CPU = Debug|Any CPU
		Release|Any CPU = Release|Any CPU
	EndGlobalSection
	GlobalSection(ProjectConfigurationPlatforms) = postSolution
		{A12D82DA-D384-4DA5-9A5B-A6C661C2DB84}.Debug|Any CPU.ActiveCfg = Debug|Any CPU
		{A12D82DA-D384-4DA5-9A5B-A6C661C2DB84}.Debug|Any CPU.Build.0 = Debug|Any CPU
		{A12D82DA-D384-4DA5-9A5B-A6C661C2DB84}.Release|Any CPU.ActiveCfg = Release|Any CPU
		{A12D82DA-D384-4DA5-9A5B-A6C661C2DB84}.Release|Any CPU.Build.0 = Release|Any CPU
	EndGlobalSection
	GlobalSection(SolutionProperties) = preSolution
		HideSolutionNode = FALSE
	EndGlobalSection
	GlobalSection(ExtensibilityGlobals) = postSolution
		SolutionGuid = {602B14F6-A4F3-4FF4-9E05-93DF229E1D45}
	EndGlobalSection
EndGlobal
